
Microsoft Visual Studio Solution File, Format Version 12.00
# Visual Studio 2012
Project("{FAE04EC0-301F-11D3-BF4B-00C04F79EFBC}") = "GogoFamis", "GogoFamis\GogoFamis.csproj", "{D47661B9-B793-4869-B9AB-08C6DA5A4A2C}"
EndProject
Global
	GlobalSection(SolutionConfigurationPlatforms) = preSolution
		Debug|Any CPU = Debug|Any CPU
		Release|Any CPU = Release|Any CPU
	EndGlobalSection
	GlobalSection(ProjectConfigurationPlatforms) = postSolution
		{D47661B9-B793-4869-B9AB-08C6DA5A4A2C}.Debug|Any CPU.ActiveCfg = Debug|Any CPU
		{D47661B9-B793-4869-B9AB-08C6DA5A4A2C}.Debug|Any CPU.Build.0 = Debug|Any CPU
		{D47661B9-B793-4869-B9AB-08C6DA5A4A2C}.Release|Any CPU.ActiveCfg = Release|Any CPU
		{D47661B9-B793-4869-B9AB-08C6DA5A4A2C}.Release|Any CPU.Build.0 = Release|Any CPU
	EndGlobalSection
	GlobalSection(SolutionProperties) = preSolution
		HideSolutionNode = FALSE
	EndGlobalSection
EndGlobal
