
Microsoft Visual Studio Solution File, Format Version 12.00
# Visual Studio 2013
VisualStudioVersion = 12.0.31101.0
MinimumVisualStudioVersion = 10.0.40219.1
Project("{FAE04EC0-301F-11D3-BF4B-00C04F79EFBC}") = "TheMapProject", "TheMapProject\TheMapProject.csproj", "{367E17BB-F07C-4EC1-8C5E-CF6B80C1ABCE}"
EndProject
Project("{F088123C-0E9E-452A-89E6-6BA2F21D5CAC}") = "RouteSearchSystem", "RouteSearchSystem\RouteSearchSystem.modelproj", "{4BE538D0-C964-499F-ABBE-E4E7DAE9CA84}"
EndProject
Project("{FAE04EC0-301F-11D3-BF4B-00C04F79EFBC}") = "RouteSearchSystemUnitTest", "RouteSearchSystemUnitTest\RouteSearchSystemUnitTest.csproj", "{9304E564-B39F-4288-A2DF-FF9CF8E6C332}"
EndProject
Global
	GlobalSection(SolutionConfigurationPlatforms) = preSolution
		Debug|Any CPU = Debug|Any CPU
		Release|Any CPU = Release|Any CPU
	EndGlobalSection
	GlobalSection(ProjectConfigurationPlatforms) = postSolution
		{367E17BB-F07C-4EC1-8C5E-CF6B80C1ABCE}.Debug|Any CPU.ActiveCfg = Debug|Any CPU
		{367E17BB-F07C-4EC1-8C5E-CF6B80C1ABCE}.Debug|Any CPU.Build.0 = Debug|Any CPU
		{367E17BB-F07C-4EC1-8C5E-CF6B80C1ABCE}.Release|Any CPU.ActiveCfg = Release|Any CPU
		{367E17BB-F07C-4EC1-8C5E-CF6B80C1ABCE}.Release|Any CPU.Build.0 = Release|Any CPU
		{4BE538D0-C964-499F-ABBE-E4E7DAE9CA84}.Debug|Any CPU.ActiveCfg = Debug|Any CPU
		{4BE538D0-C964-499F-ABBE-E4E7DAE9CA84}.Debug|Any CPU.Build.0 = Debug|Any CPU
		{4BE538D0-C964-499F-ABBE-E4E7DAE9CA84}.Release|Any CPU.ActiveCfg = Release|Any CPU
		{4BE538D0-C964-499F-ABBE-E4E7DAE9CA84}.Release|Any CPU.Build.0 = Release|Any CPU
		{9304E564-B39F-4288-A2DF-FF9CF8E6C332}.Debug|Any CPU.ActiveCfg = Debug|Any CPU
		{9304E564-B39F-4288-A2DF-FF9CF8E6C332}.Debug|Any CPU.Build.0 = Debug|Any CPU
		{9304E564-B39F-4288-A2DF-FF9CF8E6C332}.Release|Any CPU.ActiveCfg = Release|Any CPU
		{9304E564-B39F-4288-A2DF-FF9CF8E6C332}.Release|Any CPU.Build.0 = Release|Any CPU
	EndGlobalSection
	GlobalSection(SolutionProperties) = preSolution
		HideSolutionNode = FALSE
	EndGlobalSection
EndGlobal
